// !$*UTF8*$!
{
	archiveVersion = 1;
	classes = {
	};
	objectVersion = 50;
	objects = {

/* Begin PBXBuildFile section */
		6D6055FA25F7D80C00ABC5EC /* GlobalVars.swift in Sources */ = {isa = PBXBuildFile; fileRef = 6D6055F925F7D80C00ABC5EC /* GlobalVars.swift */; };
		C50B9DE22611AF1900F7DC96 /* ImagePicker.swift in Sources */ = {isa = PBXBuildFile; fileRef = C50B9DE12611AF1900F7DC96 /* ImagePicker.swift */; };
		C52AAD3325E62083002E90D9 /* SF-Pro-Text-Heavy.otf in Resources */ = {isa = PBXBuildFile; fileRef = C52AAD2125E62080002E90D9 /* SF-Pro-Text-Heavy.otf */; };
		C52AAD3425E62083002E90D9 /* SF-Pro-Text-Bold.otf in Resources */ = {isa = PBXBuildFile; fileRef = C52AAD2225E62080002E90D9 /* SF-Pro-Text-Bold.otf */; };
		C52AAD3525E62083002E90D9 /* SF-Pro-Text-Black.otf in Resources */ = {isa = PBXBuildFile; fileRef = C52AAD2325E62080002E90D9 /* SF-Pro-Text-Black.otf */; };
		C52AAD3625E62083002E90D9 /* SF-Pro-Text-SemiboldItalic.otf in Resources */ = {isa = PBXBuildFile; fileRef = C52AAD2425E62080002E90D9 /* SF-Pro-Text-SemiboldItalic.otf */; };
		C52AAD3725E62083002E90D9 /* SF-Pro-Text-BoldItalic.otf in Resources */ = {isa = PBXBuildFile; fileRef = C52AAD2525E62081002E90D9 /* SF-Pro-Text-BoldItalic.otf */; };
		C52AAD3825E62083002E90D9 /* SF-Pro-Text-Regular.otf in Resources */ = {isa = PBXBuildFile; fileRef = C52AAD2625E62081002E90D9 /* SF-Pro-Text-Regular.otf */; };
		C52AAD3925E62083002E90D9 /* SF-Pro-Text-Ultralight.otf in Resources */ = {isa = PBXBuildFile; fileRef = C52AAD2725E62081002E90D9 /* SF-Pro-Text-Ultralight.otf */; };
		C52AAD3A25E62083002E90D9 /* SF-Pro-Text-UltralightItalic.otf in Resources */ = {isa = PBXBuildFile; fileRef = C52AAD2825E62081002E90D9 /* SF-Pro-Text-UltralightItalic.otf */; };
		C52AAD3B25E62083002E90D9 /* SF-Pro-Text-Medium.otf in Resources */ = {isa = PBXBuildFile; fileRef = C52AAD2925E62081002E90D9 /* SF-Pro-Text-Medium.otf */; };
		C52AAD3C25E62083002E90D9 /* SF-Pro-Text-RegularItalic.otf in Resources */ = {isa = PBXBuildFile; fileRef = C52AAD2A25E62081002E90D9 /* SF-Pro-Text-RegularItalic.otf */; };
		C52AAD3D25E62083002E90D9 /* SF-Pro-Text-Semibold.otf in Resources */ = {isa = PBXBuildFile; fileRef = C52AAD2B25E62082002E90D9 /* SF-Pro-Text-Semibold.otf */; };
		C52AAD3E25E62083002E90D9 /* SF-Pro-Text-LightItalic.otf in Resources */ = {isa = PBXBuildFile; fileRef = C52AAD2C25E62082002E90D9 /* SF-Pro-Text-LightItalic.otf */; };
		C52AAD3F25E62083002E90D9 /* SF-Pro-Text-Light.otf in Resources */ = {isa = PBXBuildFile; fileRef = C52AAD2D25E62082002E90D9 /* SF-Pro-Text-Light.otf */; };
		C52AAD4025E62083002E90D9 /* SF-Pro-Text-BlackItalic.otf in Resources */ = {isa = PBXBuildFile; fileRef = C52AAD2E25E62082002E90D9 /* SF-Pro-Text-BlackItalic.otf */; };
		C52AAD4125E62083002E90D9 /* SF-Pro-Text-MediumItalic.otf in Resources */ = {isa = PBXBuildFile; fileRef = C52AAD2F25E62082002E90D9 /* SF-Pro-Text-MediumItalic.otf */; };
		C52AAD4225E62083002E90D9 /* SF-Pro-Text-Thin.otf in Resources */ = {isa = PBXBuildFile; fileRef = C52AAD3025E62082002E90D9 /* SF-Pro-Text-Thin.otf */; };
		C52AAD4325E62083002E90D9 /* SF-Pro-Text-ThinItalic.otf in Resources */ = {isa = PBXBuildFile; fileRef = C52AAD3125E62083002E90D9 /* SF-Pro-Text-ThinItalic.otf */; };
		C52AAD4425E62083002E90D9 /* SF-Pro-Text-HeavyItalic.otf in Resources */ = {isa = PBXBuildFile; fileRef = C52AAD3225E62083002E90D9 /* SF-Pro-Text-HeavyItalic.otf */; };
		C5381BD725E60EBA002C09C3 /* SettingsView.swift in Sources */ = {isa = PBXBuildFile; fileRef = C5381BD625E60EBA002C09C3 /* SettingsView.swift */; };
		C5C3DAE825E6D3430070BBB5 /* CustomFont.swift in Sources */ = {isa = PBXBuildFile; fileRef = C5C3DAE725E6D3430070BBB5 /* CustomFont.swift */; };
		C5C88DA325E2C464009BB751 /* FlexCommApp.swift in Sources */ = {isa = PBXBuildFile; fileRef = C5C88DA225E2C464009BB751 /* FlexCommApp.swift */; };
		C5C88DA525E2C464009BB751 /* ContentView.swift in Sources */ = {isa = PBXBuildFile; fileRef = C5C88DA425E2C464009BB751 /* ContentView.swift */; };
		C5C88DA725E2C466009BB751 /* Assets.xcassets in Resources */ = {isa = PBXBuildFile; fileRef = C5C88DA625E2C466009BB751 /* Assets.xcassets */; };
		C5C88DAA25E2C466009BB751 /* Preview Assets.xcassets in Resources */ = {isa = PBXBuildFile; fileRef = C5C88DA925E2C466009BB751 /* Preview Assets.xcassets */; };
		C5DAA47925E6135B00178075 /* responseValidate.swift in Sources */ = {isa = PBXBuildFile; fileRef = C5DAA47825E6135B00178075 /* responseValidate.swift */; };
		C5EA510C25F13400005E0C4C /* CustomButton.swift in Sources */ = {isa = PBXBuildFile; fileRef = C5EA510B25F13400005E0C4C /* CustomButton.swift */; };
		C5EA511025F1344B005E0C4C /* OptionsView.swift in Sources */ = {isa = PBXBuildFile; fileRef = C5EA510F25F1344B005E0C4C /* OptionsView.swift */; };
		C5EA511525F17BBA005E0C4C /* CurrentOptions.swift in Sources */ = {isa = PBXBuildFile; fileRef = C5EA511425F17BBA005E0C4C /* CurrentOptions.swift */; };
		C5EA511925F1A4B8005E0C4C /* ModalEditView.swift in Sources */ = {isa = PBXBuildFile; fileRef = C5EA511825F1A4B8005E0C4C /* ModalEditView.swift */; };
		C5EA511E25F1C67D005E0C4C /* ModalDeleteView.swift in Sources */ = {isa = PBXBuildFile; fileRef = C5EA511D25F1C67D005E0C4C /* ModalDeleteView.swift */; };
		C5EA512325F31B6E005E0C4C /* ModalAddView.swift in Sources */ = {isa = PBXBuildFile; fileRef = C5EA512225F31B6E005E0C4C /* ModalAddView.swift */; };
		C5EA512725F4982A005E0C4C /* ButtonEditView.swift in Sources */ = {isa = PBXBuildFile; fileRef = C5EA512625F4982A005E0C4C /* ButtonEditView.swift */; };
		C5EA512E25F4AC59005E0C4C /* ButtonOption.swift in Sources */ = {isa = PBXBuildFile; fileRef = C5EA512D25F4AC59005E0C4C /* ButtonOption.swift */; };
/* End PBXBuildFile section */

/* Begin PBXFileReference section */
		6D6055F925F7D80C00ABC5EC /* GlobalVars.swift */ = {isa = PBXFileReference; lastKnownFileType = sourcecode.swift; path = GlobalVars.swift; sourceTree = "<group>"; };
		C50B9DE12611AF1900F7DC96 /* ImagePicker.swift */ = {isa = PBXFileReference; lastKnownFileType = sourcecode.swift; path = ImagePicker.swift; sourceTree = "<group>"; };
		C52AAD2125E62080002E90D9 /* SF-Pro-Text-Heavy.otf */ = {isa = PBXFileReference; lastKnownFileType = file; path = "SF-Pro-Text-Heavy.otf"; sourceTree = "<group>"; };
		C52AAD2225E62080002E90D9 /* SF-Pro-Text-Bold.otf */ = {isa = PBXFileReference; lastKnownFileType = file; path = "SF-Pro-Text-Bold.otf"; sourceTree = "<group>"; };
		C52AAD2325E62080002E90D9 /* SF-Pro-Text-Black.otf */ = {isa = PBXFileReference; lastKnownFileType = file; path = "SF-Pro-Text-Black.otf"; sourceTree = "<group>"; };
		C52AAD2425E62080002E90D9 /* SF-Pro-Text-SemiboldItalic.otf */ = {isa = PBXFileReference; lastKnownFileType = file; path = "SF-Pro-Text-SemiboldItalic.otf"; sourceTree = "<group>"; };
		C52AAD2525E62081002E90D9 /* SF-Pro-Text-BoldItalic.otf */ = {isa = PBXFileReference; lastKnownFileType = file; path = "SF-Pro-Text-BoldItalic.otf"; sourceTree = "<group>"; };
		C52AAD2625E62081002E90D9 /* SF-Pro-Text-Regular.otf */ = {isa = PBXFileReference; lastKnownFileType = file; path = "SF-Pro-Text-Regular.otf"; sourceTree = "<group>"; };
		C52AAD2725E62081002E90D9 /* SF-Pro-Text-Ultralight.otf */ = {isa = PBXFileReference; lastKnownFileType = file; path = "SF-Pro-Text-Ultralight.otf"; sourceTree = "<group>"; };
		C52AAD2825E62081002E90D9 /* SF-Pro-Text-UltralightItalic.otf */ = {isa = PBXFileReference; lastKnownFileType = file; path = "SF-Pro-Text-UltralightItalic.otf"; sourceTree = "<group>"; };
		C52AAD2925E62081002E90D9 /* SF-Pro-Text-Medium.otf */ = {isa = PBXFileReference; lastKnownFileType = file; path = "SF-Pro-Text-Medium.otf"; sourceTree = "<group>"; };
		C52AAD2A25E62081002E90D9 /* SF-Pro-Text-RegularItalic.otf */ = {isa = PBXFileReference; lastKnownFileType = file; path = "SF-Pro-Text-RegularItalic.otf"; sourceTree = "<group>"; };
		C52AAD2B25E62082002E90D9 /* SF-Pro-Text-Semibold.otf */ = {isa = PBXFileReference; lastKnownFileType = file; path = "SF-Pro-Text-Semibold.otf"; sourceTree = "<group>"; };
		C52AAD2C25E62082002E90D9 /* SF-Pro-Text-LightItalic.otf */ = {isa = PBXFileReference; lastKnownFileType = file; path = "SF-Pro-Text-LightItalic.otf"; sourceTree = "<group>"; };
		C52AAD2D25E62082002E90D9 /* SF-Pro-Text-Light.otf */ = {isa = PBXFileReference; lastKnownFileType = file; path = "SF-Pro-Text-Light.otf"; sourceTree = "<group>"; };
		C52AAD2E25E62082002E90D9 /* SF-Pro-Text-BlackItalic.otf */ = {isa = PBXFileReference; lastKnownFileType = file; path = "SF-Pro-Text-BlackItalic.otf"; sourceTree = "<group>"; };
		C52AAD2F25E62082002E90D9 /* SF-Pro-Text-MediumItalic.otf */ = {isa = PBXFileReference; lastKnownFileType = file; path = "SF-Pro-Text-MediumItalic.otf"; sourceTree = "<group>"; };
		C52AAD3025E62082002E90D9 /* SF-Pro-Text-Thin.otf */ = {isa = PBXFileReference; lastKnownFileType = file; path = "SF-Pro-Text-Thin.otf"; sourceTree = "<group>"; };
		C52AAD3125E62083002E90D9 /* SF-Pro-Text-ThinItalic.otf */ = {isa = PBXFileReference; lastKnownFileType = file; path = "SF-Pro-Text-ThinItalic.otf"; sourceTree = "<group>"; };
		C52AAD3225E62083002E90D9 /* SF-Pro-Text-HeavyItalic.otf */ = {isa = PBXFileReference; lastKnownFileType = file; path = "SF-Pro-Text-HeavyItalic.otf"; sourceTree = "<group>"; };
		C5381BD625E60EBA002C09C3 /* SettingsView.swift */ = {isa = PBXFileReference; lastKnownFileType = sourcecode.swift; path = SettingsView.swift; sourceTree = "<group>"; };
		C5C3DAE725E6D3430070BBB5 /* CustomFont.swift */ = {isa = PBXFileReference; lastKnownFileType = sourcecode.swift; path = CustomFont.swift; sourceTree = "<group>"; };
		C5C88D9F25E2C464009BB751 /* CustomComm.app */ = {isa = PBXFileReference; explicitFileType = wrapper.application; includeInIndex = 0; path = CustomComm.app; sourceTree = BUILT_PRODUCTS_DIR; };
		C5C88DA225E2C464009BB751 /* FlexCommApp.swift */ = {isa = PBXFileReference; lastKnownFileType = sourcecode.swift; path = FlexCommApp.swift; sourceTree = "<group>"; };
		C5C88DA425E2C464009BB751 /* ContentView.swift */ = {isa = PBXFileReference; lastKnownFileType = sourcecode.swift; path = ContentView.swift; sourceTree = "<group>"; };
		C5C88DA625E2C466009BB751 /* Assets.xcassets */ = {isa = PBXFileReference; lastKnownFileType = folder.assetcatalog; path = Assets.xcassets; sourceTree = "<group>"; };
		C5C88DA925E2C466009BB751 /* Preview Assets.xcassets */ = {isa = PBXFileReference; lastKnownFileType = folder.assetcatalog; path = "Preview Assets.xcassets"; sourceTree = "<group>"; };
		C5C88DAB25E2C466009BB751 /* Info.plist */ = {isa = PBXFileReference; lastKnownFileType = text.plist.xml; path = Info.plist; sourceTree = "<group>"; };
		C5DAA47825E6135B00178075 /* responseValidate.swift */ = {isa = PBXFileReference; fileEncoding = 4; lastKnownFileType = sourcecode.swift; path = responseValidate.swift; sourceTree = "<group>"; };
		C5EA510B25F13400005E0C4C /* CustomButton.swift */ = {isa = PBXFileReference; lastKnownFileType = sourcecode.swift; path = CustomButton.swift; sourceTree = "<group>"; };
		C5EA510F25F1344B005E0C4C /* OptionsView.swift */ = {isa = PBXFileReference; lastKnownFileType = sourcecode.swift; path = OptionsView.swift; sourceTree = "<group>"; };
		C5EA511425F17BBA005E0C4C /* CurrentOptions.swift */ = {isa = PBXFileReference; lastKnownFileType = sourcecode.swift; path = CurrentOptions.swift; sourceTree = "<group>"; };
		C5EA511825F1A4B8005E0C4C /* ModalEditView.swift */ = {isa = PBXFileReference; lastKnownFileType = sourcecode.swift; path = ModalEditView.swift; sourceTree = "<group>"; };
		C5EA511D25F1C67D005E0C4C /* ModalDeleteView.swift */ = {isa = PBXFileReference; lastKnownFileType = sourcecode.swift; path = ModalDeleteView.swift; sourceTree = "<group>"; };
		C5EA512225F31B6E005E0C4C /* ModalAddView.swift */ = {isa = PBXFileReference; lastKnownFileType = sourcecode.swift; path = ModalAddView.swift; sourceTree = "<group>"; };
		C5EA512625F4982A005E0C4C /* ButtonEditView.swift */ = {isa = PBXFileReference; lastKnownFileType = sourcecode.swift; path = ButtonEditView.swift; sourceTree = "<group>"; };
		C5EA512D25F4AC59005E0C4C /* ButtonOption.swift */ = {isa = PBXFileReference; lastKnownFileType = sourcecode.swift; path = ButtonOption.swift; sourceTree = "<group>"; };
/* End PBXFileReference section */

/* Begin PBXFrameworksBuildPhase section */
		C5C88D9C25E2C464009BB751 /* Frameworks */ = {
			isa = PBXFrameworksBuildPhase;
			buildActionMask = 2147483647;
			files = (
			);
			runOnlyForDeploymentPostprocessing = 0;
		};
/* End PBXFrameworksBuildPhase section */

/* Begin PBXGroup section */
		6D4EFA0C25F9BB2300F58B91 /* CustomizingFont */ = {
			isa = PBXGroup;
			children = (
				C5C3DAE725E6D3430070BBB5 /* CustomFont.swift */,
				6D6055F925F7D80C00ABC5EC /* GlobalVars.swift */,
			);
			path = CustomizingFont;
			sourceTree = "<group>";
		};
		C52AAD4625E6208F002E90D9 /* Fonts */ = {
			isa = PBXGroup;
			children = (
				C52AAD2325E62080002E90D9 /* SF-Pro-Text-Black.otf */,
				C52AAD2E25E62082002E90D9 /* SF-Pro-Text-BlackItalic.otf */,
				C52AAD2225E62080002E90D9 /* SF-Pro-Text-Bold.otf */,
				C52AAD2525E62081002E90D9 /* SF-Pro-Text-BoldItalic.otf */,
				C52AAD2125E62080002E90D9 /* SF-Pro-Text-Heavy.otf */,
				C52AAD3225E62083002E90D9 /* SF-Pro-Text-HeavyItalic.otf */,
				C52AAD2D25E62082002E90D9 /* SF-Pro-Text-Light.otf */,
				C52AAD2C25E62082002E90D9 /* SF-Pro-Text-LightItalic.otf */,
				C52AAD2925E62081002E90D9 /* SF-Pro-Text-Medium.otf */,
				C52AAD2F25E62082002E90D9 /* SF-Pro-Text-MediumItalic.otf */,
				C52AAD2625E62081002E90D9 /* SF-Pro-Text-Regular.otf */,
				C52AAD2A25E62081002E90D9 /* SF-Pro-Text-RegularItalic.otf */,
				C52AAD2B25E62082002E90D9 /* SF-Pro-Text-Semibold.otf */,
				C52AAD2425E62080002E90D9 /* SF-Pro-Text-SemiboldItalic.otf */,
				C52AAD3025E62082002E90D9 /* SF-Pro-Text-Thin.otf */,
				C52AAD3125E62083002E90D9 /* SF-Pro-Text-ThinItalic.otf */,
				C52AAD2725E62081002E90D9 /* SF-Pro-Text-Ultralight.otf */,
				C52AAD2825E62081002E90D9 /* SF-Pro-Text-UltralightItalic.otf */,
			);
			path = Fonts;
			sourceTree = "<group>";
		};
		C5C88D9625E2C464009BB751 = {
			isa = PBXGroup;
			children = (
				C5C88DA125E2C464009BB751 /* FlexComm */,
				C5C88DA025E2C464009BB751 /* Products */,
			);
			sourceTree = "<group>";
		};
		C5C88DA025E2C464009BB751 /* Products */ = {
			isa = PBXGroup;
			children = (
				C5C88D9F25E2C464009BB751 /* CustomComm.app */,
			);
			name = Products;
			sourceTree = "<group>";
		};
		C5C88DA125E2C464009BB751 /* FlexComm */ = {
			isa = PBXGroup;
			children = (
				6D4EFA0C25F9BB2300F58B91 /* CustomizingFont */,
				C5EA510B25F13400005E0C4C /* CustomButton.swift */,
				C5DAA47825E6135B00178075 /* responseValidate.swift */,
				C5C88DA225E2C464009BB751 /* FlexCommApp.swift */,
				C5381BD625E60EBA002C09C3 /* SettingsView.swift */,
				C5EA512D25F4AC59005E0C4C /* ButtonOption.swift */,
				C5EA511425F17BBA005E0C4C /* CurrentOptions.swift */,
				C5EA510F25F1344B005E0C4C /* OptionsView.swift */,
				C5EA512225F31B6E005E0C4C /* ModalAddView.swift */,
				C5EA511825F1A4B8005E0C4C /* ModalEditView.swift */,
				C5EA512625F4982A005E0C4C /* ButtonEditView.swift */,
				C5EA511D25F1C67D005E0C4C /* ModalDeleteView.swift */,
				C50B9DE12611AF1900F7DC96 /* ImagePicker.swift */,
				C5C88DA425E2C464009BB751 /* ContentView.swift */,
				C52AAD4625E6208F002E90D9 /* Fonts */,
				C5C88DA625E2C466009BB751 /* Assets.xcassets */,
				C5C88DAB25E2C466009BB751 /* Info.plist */,
				C5C88DA825E2C466009BB751 /* Preview Content */,
			);
			path = FlexComm;
			sourceTree = "<group>";
		};
		C5C88DA825E2C466009BB751 /* Preview Content */ = {
			isa = PBXGroup;
			children = (
				C5C88DA925E2C466009BB751 /* Preview Assets.xcassets */,
			);
			path = "Preview Content";
			sourceTree = "<group>";
		};
/* End PBXGroup section */

/* Begin PBXNativeTarget section */
		C5C88D9E25E2C464009BB751 /* CustomComm */ = {
			isa = PBXNativeTarget;
			buildConfigurationList = C5C88DAE25E2C466009BB751 /* Build configuration list for PBXNativeTarget "CustomComm" */;
			buildPhases = (
				C5C88D9B25E2C464009BB751 /* Sources */,
				C5C88D9C25E2C464009BB751 /* Frameworks */,
				C5C88D9D25E2C464009BB751 /* Resources */,
			);
			buildRules = (
			);
			dependencies = (
			);
			name = CustomComm;
			productName = FlexComm;
			productReference = C5C88D9F25E2C464009BB751 /* CustomComm.app */;
			productType = "com.apple.product-type.application";
		};
/* End PBXNativeTarget section */

/* Begin PBXProject section */
		C5C88D9725E2C464009BB751 /* Project object */ = {
			isa = PBXProject;
			attributes = {
				LastSwiftUpdateCheck = 1240;
				LastUpgradeCheck = 1240;
				TargetAttributes = {
					C5C88D9E25E2C464009BB751 = {
						CreatedOnToolsVersion = 12.4;
					};
				};
			};
			buildConfigurationList = C5C88D9A25E2C464009BB751 /* Build configuration list for PBXProject "CustomComm" */;
			compatibilityVersion = "Xcode 9.3";
			developmentRegion = en;
			hasScannedForEncodings = 0;
			knownRegions = (
				en,
				Base,
			);
			mainGroup = C5C88D9625E2C464009BB751;
			productRefGroup = C5C88DA025E2C464009BB751 /* Products */;
			projectDirPath = "";
			projectRoot = "";
			targets = (
				C5C88D9E25E2C464009BB751 /* CustomComm */,
			);
		};
/* End PBXProject section */

/* Begin PBXResourcesBuildPhase section */
		C5C88D9D25E2C464009BB751 /* Resources */ = {
			isa = PBXResourcesBuildPhase;
			buildActionMask = 2147483647;
			files = (
				C5C88DAA25E2C466009BB751 /* Preview Assets.xcassets in Resources */,
				C52AAD3725E62083002E90D9 /* SF-Pro-Text-BoldItalic.otf in Resources */,
				C52AAD3E25E62083002E90D9 /* SF-Pro-Text-LightItalic.otf in Resources */,
				C52AAD4425E62083002E90D9 /* SF-Pro-Text-HeavyItalic.otf in Resources */,
				C52AAD3A25E62083002E90D9 /* SF-Pro-Text-UltralightItalic.otf in Resources */,
				C52AAD3325E62083002E90D9 /* SF-Pro-Text-Heavy.otf in Resources */,
				C52AAD3425E62083002E90D9 /* SF-Pro-Text-Bold.otf in Resources */,
				C52AAD3B25E62083002E90D9 /* SF-Pro-Text-Medium.otf in Resources */,
				C52AAD3925E62083002E90D9 /* SF-Pro-Text-Ultralight.otf in Resources */,
				C52AAD4225E62083002E90D9 /* SF-Pro-Text-Thin.otf in Resources */,
				C5C88DA725E2C466009BB751 /* Assets.xcassets in Resources */,
				C52AAD3625E62083002E90D9 /* SF-Pro-Text-SemiboldItalic.otf in Resources */,
				C52AAD3825E62083002E90D9 /* SF-Pro-Text-Regular.otf in Resources */,
				C52AAD4025E62083002E90D9 /* SF-Pro-Text-BlackItalic.otf in Resources */,
				C52AAD3D25E62083002E90D9 /* SF-Pro-Text-Semibold.otf in Resources */,
				C52AAD4125E62083002E90D9 /* SF-Pro-Text-MediumItalic.otf in Resources */,
				C52AAD3C25E62083002E90D9 /* SF-Pro-Text-RegularItalic.otf in Resources */,
				C52AAD3525E62083002E90D9 /* SF-Pro-Text-Black.otf in Resources */,
				C52AAD3F25E62083002E90D9 /* SF-Pro-Text-Light.otf in Resources */,
				C52AAD4325E62083002E90D9 /* SF-Pro-Text-ThinItalic.otf in Resources */,
			);
			runOnlyForDeploymentPostprocessing = 0;
		};
/* End PBXResourcesBuildPhase section */

/* Begin PBXSourcesBuildPhase section */
		C5C88D9B25E2C464009BB751 /* Sources */ = {
			isa = PBXSourcesBuildPhase;
			buildActionMask = 2147483647;
			files = (
				C5EA512E25F4AC59005E0C4C /* ButtonOption.swift in Sources */,
				C5381BD725E60EBA002C09C3 /* SettingsView.swift in Sources */,
				C5DAA47925E6135B00178075 /* responseValidate.swift in Sources */,
				C5EA511025F1344B005E0C4C /* OptionsView.swift in Sources */,
				6D6055FA25F7D80C00ABC5EC /* GlobalVars.swift in Sources */,
				C5C3DAE825E6D3430070BBB5 /* CustomFont.swift in Sources */,
				C5EA512725F4982A005E0C4C /* ButtonEditView.swift in Sources */,
				C5EA510C25F13400005E0C4C /* CustomButton.swift in Sources */,
				C5EA511E25F1C67D005E0C4C /* ModalDeleteView.swift in Sources */,
				C5C88DA525E2C464009BB751 /* ContentView.swift in Sources */,
				C5EA511525F17BBA005E0C4C /* CurrentOptions.swift in Sources */,
				C5EA511925F1A4B8005E0C4C /* ModalEditView.swift in Sources */,
				C50B9DE22611AF1900F7DC96 /* ImagePicker.swift in Sources */,
				C5EA512325F31B6E005E0C4C /* ModalAddView.swift in Sources */,
				C5C88DA325E2C464009BB751 /* FlexCommApp.swift in Sources */,
			);
			runOnlyForDeploymentPostprocessing = 0;
		};
/* End PBXSourcesBuildPhase section */

/* Begin XCBuildConfiguration section */
		C5C88DAC25E2C466009BB751 /* Debug */ = {
			isa = XCBuildConfiguration;
			buildSettings = {
				ALWAYS_SEARCH_USER_PATHS = NO;
				CLANG_ANALYZER_NONNULL = YES;
				CLANG_ANALYZER_NUMBER_OBJECT_CONVERSION = YES_AGGRESSIVE;
				CLANG_CXX_LANGUAGE_STANDARD = "gnu++14";
				CLANG_CXX_LIBRARY = "libc++";
				CLANG_ENABLE_MODULES = YES;
				CLANG_ENABLE_OBJC_ARC = YES;
				CLANG_ENABLE_OBJC_WEAK = YES;
				CLANG_WARN_BLOCK_CAPTURE_AUTORELEASING = YES;
				CLANG_WARN_BOOL_CONVERSION = YES;
				CLANG_WARN_COMMA = YES;
				CLANG_WARN_CONSTANT_CONVERSION = YES;
				CLANG_WARN_DEPRECATED_OBJC_IMPLEMENTATIONS = YES;
				CLANG_WARN_DIRECT_OBJC_ISA_USAGE = YES_ERROR;
				CLANG_WARN_DOCUMENTATION_COMMENTS = YES;
				CLANG_WARN_EMPTY_BODY = YES;
				CLANG_WARN_ENUM_CONVERSION = YES;
				CLANG_WARN_INFINITE_RECURSION = YES;
				CLANG_WARN_INT_CONVERSION = YES;
				CLANG_WARN_NON_LITERAL_NULL_CONVERSION = YES;
				CLANG_WARN_OBJC_IMPLICIT_RETAIN_SELF = YES;
				CLANG_WARN_OBJC_LITERAL_CONVERSION = YES;
				CLANG_WARN_OBJC_ROOT_CLASS = YES_ERROR;
				CLANG_WARN_QUOTED_INCLUDE_IN_FRAMEWORK_HEADER = YES;
				CLANG_WARN_RANGE_LOOP_ANALYSIS = YES;
				CLANG_WARN_STRICT_PROTOTYPES = YES;
				CLANG_WARN_SUSPICIOUS_MOVE = YES;
				CLANG_WARN_UNGUARDED_AVAILABILITY = YES_AGGRESSIVE;
				CLANG_WARN_UNREACHABLE_CODE = YES;
				CLANG_WARN__DUPLICATE_METHOD_MATCH = YES;
				COPY_PHASE_STRIP = NO;
				DEBUG_INFORMATION_FORMAT = dwarf;
				ENABLE_STRICT_OBJC_MSGSEND = YES;
				ENABLE_TESTABILITY = YES;
				GCC_C_LANGUAGE_STANDARD = gnu11;
				GCC_DYNAMIC_NO_PIC = NO;
				GCC_NO_COMMON_BLOCKS = YES;
				GCC_OPTIMIZATION_LEVEL = 0;
				GCC_PREPROCESSOR_DEFINITIONS = (
					"DEBUG=1",
					"$(inherited)",
				);
				GCC_WARN_64_TO_32_BIT_CONVERSION = YES;
				GCC_WARN_ABOUT_RETURN_TYPE = YES_ERROR;
				GCC_WARN_UNDECLARED_SELECTOR = YES;
				GCC_WARN_UNINITIALIZED_AUTOS = YES_AGGRESSIVE;
				GCC_WARN_UNUSED_FUNCTION = YES;
				GCC_WARN_UNUSED_VARIABLE = YES;
				IPHONEOS_DEPLOYMENT_TARGET = 14.4;
				MTL_ENABLE_DEBUG_INFO = INCLUDE_SOURCE;
				MTL_FAST_MATH = YES;
				ONLY_ACTIVE_ARCH = YES;
				SDKROOT = iphoneos;
				SWIFT_ACTIVE_COMPILATION_CONDITIONS = DEBUG;
				SWIFT_OPTIMIZATION_LEVEL = "-Onone";
			};
			name = Debug;
		};
		C5C88DAD25E2C466009BB751 /* Release */ = {
			isa = XCBuildConfiguration;
			buildSettings = {
				ALWAYS_SEARCH_USER_PATHS = NO;
				CLANG_ANALYZER_NONNULL = YES;
				CLANG_ANALYZER_NUMBER_OBJECT_CONVERSION = YES_AGGRESSIVE;
				CLANG_CXX_LANGUAGE_STANDARD = "gnu++14";
				CLANG_CXX_LIBRARY = "libc++";
				CLANG_ENABLE_MODULES = YES;
				CLANG_ENABLE_OBJC_ARC = YES;
				CLANG_ENABLE_OBJC_WEAK = YES;
				CLANG_WARN_BLOCK_CAPTURE_AUTORELEASING = YES;
				CLANG_WARN_BOOL_CONVERSION = YES;
				CLANG_WARN_COMMA = YES;
				CLANG_WARN_CONSTANT_CONVERSION = YES;
				CLANG_WARN_DEPRECATED_OBJC_IMPLEMENTATIONS = YES;
				CLANG_WARN_DIRECT_OBJC_ISA_USAGE = YES_ERROR;
				CLANG_WARN_DOCUMENTATION_COMMENTS = YES;
				CLANG_WARN_EMPTY_BODY = YES;
				CLANG_WARN_ENUM_CONVERSION = YES;
				CLANG_WARN_INFINITE_RECURSION = YES;
				CLANG_WARN_INT_CONVERSION = YES;
				CLANG_WARN_NON_LITERAL_NULL_CONVERSION = YES;
				CLANG_WARN_OBJC_IMPLICIT_RETAIN_SELF = YES;
				CLANG_WARN_OBJC_LITERAL_CONVERSION = YES;
				CLANG_WARN_OBJC_ROOT_CLASS = YES_ERROR;
				CLANG_WARN_QUOTED_INCLUDE_IN_FRAMEWORK_HEADER = YES;
				CLANG_WARN_RANGE_LOOP_ANALYSIS = YES;
				CLANG_WARN_STRICT_PROTOTYPES = YES;
				CLANG_WARN_SUSPICIOUS_MOVE = YES;
				CLANG_WARN_UNGUARDED_AVAILABILITY = YES_AGGRESSIVE;
				CLANG_WARN_UNREACHABLE_CODE = YES;
				CLANG_WARN__DUPLICATE_METHOD_MATCH = YES;
				COPY_PHASE_STRIP = NO;
				DEBUG_INFORMATION_FORMAT = "dwarf-with-dsym";
				ENABLE_NS_ASSERTIONS = NO;
				ENABLE_STRICT_OBJC_MSGSEND = YES;
				GCC_C_LANGUAGE_STANDARD = gnu11;
				GCC_NO_COMMON_BLOCKS = YES;
				GCC_WARN_64_TO_32_BIT_CONVERSION = YES;
				GCC_WARN_ABOUT_RETURN_TYPE = YES_ERROR;
				GCC_WARN_UNDECLARED_SELECTOR = YES;
				GCC_WARN_UNINITIALIZED_AUTOS = YES_AGGRESSIVE;
				GCC_WARN_UNUSED_FUNCTION = YES;
				GCC_WARN_UNUSED_VARIABLE = YES;
				IPHONEOS_DEPLOYMENT_TARGET = 14.4;
				MTL_ENABLE_DEBUG_INFO = NO;
				MTL_FAST_MATH = YES;
				SDKROOT = iphoneos;
				SWIFT_COMPILATION_MODE = wholemodule;
				SWIFT_OPTIMIZATION_LEVEL = "-O";
				VALIDATE_PRODUCT = YES;
			};
			name = Release;
		};
		C5C88DAF25E2C466009BB751 /* Debug */ = {
			isa = XCBuildConfiguration;
			buildSettings = {
				ASSETCATALOG_COMPILER_APPICON_NAME = AppIcon;
				ASSETCATALOG_COMPILER_GLOBAL_ACCENT_COLOR_NAME = AccentColor;
				CODE_SIGN_STYLE = Automatic;
				DEVELOPMENT_ASSET_PATHS = "\"FlexComm/Preview Content\"";
				DEVELOPMENT_TEAM = 46XHRX99M8;
				ENABLE_PREVIEWS = YES;
				INFOPLIST_FILE = FlexComm/Info.plist;
				IPHONEOS_DEPLOYMENT_TARGET = 14.0;
				LD_RUNPATH_SEARCH_PATHS = (
					"$(inherited)",
					"@executable_path/Frameworks",
				);
				PRODUCT_BUNDLE_IDENTIFIER = com.learning.FlexComm;
				PRODUCT_NAME = "$(TARGET_NAME)";
				SWIFT_VERSION = 5.0;
				TARGETED_DEVICE_FAMILY = "1,2";
			};
			name = Debug;
		};
		C5C88DB025E2C466009BB751 /* Release */ = {
			isa = XCBuildConfiguration;
			buildSettings = {
				ASSETCATALOG_COMPILER_APPICON_NAME = AppIcon;
				ASSETCATALOG_COMPILER_GLOBAL_ACCENT_COLOR_NAME = AccentColor;
				CODE_SIGN_STYLE = Automatic;
				DEVELOPMENT_ASSET_PATHS = "\"FlexComm/Preview Content\"";
				DEVELOPMENT_TEAM = 46XHRX99M8;
				ENABLE_PREVIEWS = YES;
				INFOPLIST_FILE = FlexComm/Info.plist;
				IPHONEOS_DEPLOYMENT_TARGET = 14.0;
				LD_RUNPATH_SEARCH_PATHS = (
					"$(inherited)",
					"@executable_path/Frameworks",
				);
				PRODUCT_BUNDLE_IDENTIFIER = com.learning.FlexComm;
				PRODUCT_NAME = "$(TARGET_NAME)";
				SWIFT_VERSION = 5.0;
				TARGETED_DEVICE_FAMILY = "1,2";
			};
			name = Release;
		};
/* End XCBuildConfiguration section */

/* Begin XCConfigurationList section */
		C5C88D9A25E2C464009BB751 /* Build configuration list for PBXProject "CustomComm" */ = {
			isa = XCConfigurationList;
			buildConfigurations = (
				C5C88DAC25E2C466009BB751 /* Debug */,
				C5C88DAD25E2C466009BB751 /* Release */,
			);
			defaultConfigurationIsVisible = 0;
			defaultConfigurationName = Release;
		};
		C5C88DAE25E2C466009BB751 /* Build configuration list for PBXNativeTarget "CustomComm" */ = {
			isa = XCConfigurationList;
			buildConfigurations = (
				C5C88DAF25E2C466009BB751 /* Debug */,
				C5C88DB025E2C466009BB751 /* Release */,
			);
			defaultConfigurationIsVisible = 0;
			defaultConfigurationName = Release;
		};
/* End XCConfigurationList section */
	};
	rootObject = C5C88D9725E2C464009BB751 /* Project object */;
}
