// !$*UTF8*$!
{
	archiveVersion = 1;
	classes = {
	};
	objectVersion = 50;
	objects = {

/* Begin PBXBuildFile section */
		6D7CC39225E4514F00348A30 /* yesNoView.swift in Sources */ = {isa = PBXBuildFile; fileRef = 6D7CC39125E4514F00348A30 /* yesNoView.swift */; };
		7FA6A950EE327270586EE54F /* Pods_FlexComm.framework in Frameworks */ = {isa = PBXBuildFile; fileRef = 15EA35F03C67ACBEC57D3BDA /* Pods_FlexComm.framework */; };
		C52AAD3325E62083002E90D9 /* SF-Pro-Text-Heavy.otf in Resources */ = {isa = PBXBuildFile; fileRef = C52AAD2125E62080002E90D9 /* SF-Pro-Text-Heavy.otf */; };
		C52AAD3425E62083002E90D9 /* SF-Pro-Text-Bold.otf in Resources */ = {isa = PBXBuildFile; fileRef = C52AAD2225E62080002E90D9 /* SF-Pro-Text-Bold.otf */; };
		C52AAD3525E62083002E90D9 /* SF-Pro-Text-Black.otf in Resources */ = {isa = PBXBuildFile; fileRef = C52AAD2325E62080002E90D9 /* SF-Pro-Text-Black.otf */; };
		C52AAD3625E62083002E90D9 /* SF-Pro-Text-SemiboldItalic.otf in Resources */ = {isa = PBXBuildFile; fileRef = C52AAD2425E62080002E90D9 /* SF-Pro-Text-SemiboldItalic.otf */; };
		C52AAD3725E62083002E90D9 /* SF-Pro-Text-BoldItalic.otf in Resources */ = {isa = PBXBuildFile; fileRef = C52AAD2525E62081002E90D9 /* SF-Pro-Text-BoldItalic.otf */; };
		C52AAD3825E62083002E90D9 /* SF-Pro-Text-Regular.otf in Resources */ = {isa = PBXBuildFile; fileRef = C52AAD2625E62081002E90D9 /* SF-Pro-Text-Regular.otf */; };
		C52AAD3925E62083002E90D9 /* SF-Pro-Text-Ultralight.otf in Resources */ = {isa = PBXBuildFile; fileRef = C52AAD2725E62081002E90D9 /* SF-Pro-Text-Ultralight.otf */; };
		C52AAD3A25E62083002E90D9 /* SF-Pro-Text-UltralightItalic.otf in Resources */ = {isa = PBXBuildFile; fileRef = C52AAD2825E62081002E90D9 /* SF-Pro-Text-UltralightItalic.otf */; };
		C52AAD3B25E62083002E90D9 /* SF-Pro-Text-Medium.otf in Resources */ = {isa = PBXBuildFile; fileRef = C52AAD2925E62081002E90D9 /* SF-Pro-Text-Medium.otf */; };
		C52AAD3C25E62083002E90D9 /* SF-Pro-Text-RegularItalic.otf in Resources */ = {isa = PBXBuildFile; fileRef = C52AAD2A25E62081002E90D9 /* SF-Pro-Text-RegularItalic.otf */; };
		C52AAD3D25E62083002E90D9 /* SF-Pro-Text-Semibold.otf in Resources */ = {isa = PBXBuildFile; fileRef = C52AAD2B25E62082002E90D9 /* SF-Pro-Text-Semibold.otf */; };
		C52AAD3E25E62083002E90D9 /* SF-Pro-Text-LightItalic.otf in Resources */ = {isa = PBXBuildFile; fileRef = C52AAD2C25E62082002E90D9 /* SF-Pro-Text-LightItalic.otf */; };
		C52AAD3F25E62083002E90D9 /* SF-Pro-Text-Light.otf in Resources */ = {isa = PBXBuildFile; fileRef = C52AAD2D25E62082002E90D9 /* SF-Pro-Text-Light.otf */; };
		C52AAD4025E62083002E90D9 /* SF-Pro-Text-BlackItalic.otf in Resources */ = {isa = PBXBuildFile; fileRef = C52AAD2E25E62082002E90D9 /* SF-Pro-Text-BlackItalic.otf */; };
		C52AAD4125E62083002E90D9 /* SF-Pro-Text-MediumItalic.otf in Resources */ = {isa = PBXBuildFile; fileRef = C52AAD2F25E62082002E90D9 /* SF-Pro-Text-MediumItalic.otf */; };
		C52AAD4225E62083002E90D9 /* SF-Pro-Text-Thin.otf in Resources */ = {isa = PBXBuildFile; fileRef = C52AAD3025E62082002E90D9 /* SF-Pro-Text-Thin.otf */; };
		C52AAD4325E62083002E90D9 /* SF-Pro-Text-ThinItalic.otf in Resources */ = {isa = PBXBuildFile; fileRef = C52AAD3125E62083002E90D9 /* SF-Pro-Text-ThinItalic.otf */; };
		C52AAD4425E62083002E90D9 /* SF-Pro-Text-HeavyItalic.otf in Resources */ = {isa = PBXBuildFile; fileRef = C52AAD3225E62083002E90D9 /* SF-Pro-Text-HeavyItalic.otf */; };
		C5381BD725E60EBA002C09C3 /* SettingsView.swift in Sources */ = {isa = PBXBuildFile; fileRef = C5381BD625E60EBA002C09C3 /* SettingsView.swift */; };
		C579FFB325EF430800453A87 /* GoogleService-Info (1).plist in Resources */ = {isa = PBXBuildFile; fileRef = C579FFB225EF430800453A87 /* GoogleService-Info (1).plist */; };
		C579FFB625EF436300453A87 /* Podfile in Resources */ = {isa = PBXBuildFile; fileRef = C579FFB525EF436300453A87 /* Podfile */; };
		C5C3DAE825E6D3430070BBB5 /* CustomFont.swift in Sources */ = {isa = PBXBuildFile; fileRef = C5C3DAE725E6D3430070BBB5 /* CustomFont.swift */; };
		C5C88DA325E2C464009BB751 /* FlexCommApp.swift in Sources */ = {isa = PBXBuildFile; fileRef = C5C88DA225E2C464009BB751 /* FlexCommApp.swift */; };
		C5C88DA525E2C464009BB751 /* ContentView.swift in Sources */ = {isa = PBXBuildFile; fileRef = C5C88DA425E2C464009BB751 /* ContentView.swift */; };
		C5C88DA725E2C466009BB751 /* Assets.xcassets in Resources */ = {isa = PBXBuildFile; fileRef = C5C88DA625E2C466009BB751 /* Assets.xcassets */; };
		C5C88DAA25E2C466009BB751 /* Preview Assets.xcassets in Resources */ = {isa = PBXBuildFile; fileRef = C5C88DA925E2C466009BB751 /* Preview Assets.xcassets */; };
		C5DAA47925E6135B00178075 /* responseValidate.swift in Sources */ = {isa = PBXBuildFile; fileRef = C5DAA47825E6135B00178075 /* responseValidate.swift */; };
/* End PBXBuildFile section */

/* Begin PBXFileReference section */
		15EA35F03C67ACBEC57D3BDA /* Pods_FlexComm.framework */ = {isa = PBXFileReference; explicitFileType = wrapper.framework; includeInIndex = 0; path = Pods_FlexComm.framework; sourceTree = BUILT_PRODUCTS_DIR; };
		6D7CC39125E4514F00348A30 /* yesNoView.swift */ = {isa = PBXFileReference; fileEncoding = 4; lastKnownFileType = sourcecode.swift; path = yesNoView.swift; sourceTree = "<group>"; };
		95C5F0B565BFB858C58A75A0 /* Pods-FlexComm.debug.xcconfig */ = {isa = PBXFileReference; includeInIndex = 1; lastKnownFileType = text.xcconfig; name = "Pods-FlexComm.debug.xcconfig"; path = "Target Support Files/Pods-FlexComm/Pods-FlexComm.debug.xcconfig"; sourceTree = "<group>"; };
		C52AAD2125E62080002E90D9 /* SF-Pro-Text-Heavy.otf */ = {isa = PBXFileReference; lastKnownFileType = file; path = "SF-Pro-Text-Heavy.otf"; sourceTree = "<group>"; };
		C52AAD2225E62080002E90D9 /* SF-Pro-Text-Bold.otf */ = {isa = PBXFileReference; lastKnownFileType = file; path = "SF-Pro-Text-Bold.otf"; sourceTree = "<group>"; };
		C52AAD2325E62080002E90D9 /* SF-Pro-Text-Black.otf */ = {isa = PBXFileReference; lastKnownFileType = file; path = "SF-Pro-Text-Black.otf"; sourceTree = "<group>"; };
		C52AAD2425E62080002E90D9 /* SF-Pro-Text-SemiboldItalic.otf */ = {isa = PBXFileReference; lastKnownFileType = file; path = "SF-Pro-Text-SemiboldItalic.otf"; sourceTree = "<group>"; };
		C52AAD2525E62081002E90D9 /* SF-Pro-Text-BoldItalic.otf */ = {isa = PBXFileReference; lastKnownFileType = file; path = "SF-Pro-Text-BoldItalic.otf"; sourceTree = "<group>"; };
		C52AAD2625E62081002E90D9 /* SF-Pro-Text-Regular.otf */ = {isa = PBXFileReference; lastKnownFileType = file; path = "SF-Pro-Text-Regular.otf"; sourceTree = "<group>"; };
		C52AAD2725E62081002E90D9 /* SF-Pro-Text-Ultralight.otf */ = {isa = PBXFileReference; lastKnownFileType = file; path = "SF-Pro-Text-Ultralight.otf"; sourceTree = "<group>"; };
		C52AAD2825E62081002E90D9 /* SF-Pro-Text-UltralightItalic.otf */ = {isa = PBXFileReference; lastKnownFileType = file; path = "SF-Pro-Text-UltralightItalic.otf"; sourceTree = "<group>"; };
		C52AAD2925E62081002E90D9 /* SF-Pro-Text-Medium.otf */ = {isa = PBXFileReference; lastKnownFileType = file; path = "SF-Pro-Text-Medium.otf"; sourceTree = "<group>"; };
		C52AAD2A25E62081002E90D9 /* SF-Pro-Text-RegularItalic.otf */ = {isa = PBXFileReference; lastKnownFileType = file; path = "SF-Pro-Text-RegularItalic.otf"; sourceTree = "<group>"; };
		C52AAD2B25E62082002E90D9 /* SF-Pro-Text-Semibold.otf */ = {isa = PBXFileReference; lastKnownFileType = file; path = "SF-Pro-Text-Semibold.otf"; sourceTree = "<group>"; };
		C52AAD2C25E62082002E90D9 /* SF-Pro-Text-LightItalic.otf */ = {isa = PBXFileReference; lastKnownFileType = file; path = "SF-Pro-Text-LightItalic.otf"; sourceTree = "<group>"; };
		C52AAD2D25E62082002E90D9 /* SF-Pro-Text-Light.otf */ = {isa = PBXFileReference; lastKnownFileType = file; path = "SF-Pro-Text-Light.otf"; sourceTree = "<group>"; };
		C52AAD2E25E62082002E90D9 /* SF-Pro-Text-BlackItalic.otf */ = {isa = PBXFileReference; lastKnownFileType = file; path = "SF-Pro-Text-BlackItalic.otf"; sourceTree = "<group>"; };
		C52AAD2F25E62082002E90D9 /* SF-Pro-Text-MediumItalic.otf */ = {isa = PBXFileReference; lastKnownFileType = file; path = "SF-Pro-Text-MediumItalic.otf"; sourceTree = "<group>"; };
		C52AAD3025E62082002E90D9 /* SF-Pro-Text-Thin.otf */ = {isa = PBXFileReference; lastKnownFileType = file; path = "SF-Pro-Text-Thin.otf"; sourceTree = "<group>"; };
		C52AAD3125E62083002E90D9 /* SF-Pro-Text-ThinItalic.otf */ = {isa = PBXFileReference; lastKnownFileType = file; path = "SF-Pro-Text-ThinItalic.otf"; sourceTree = "<group>"; };
		C52AAD3225E62083002E90D9 /* SF-Pro-Text-HeavyItalic.otf */ = {isa = PBXFileReference; lastKnownFileType = file; path = "SF-Pro-Text-HeavyItalic.otf"; sourceTree = "<group>"; };
		C5381BD625E60EBA002C09C3 /* SettingsView.swift */ = {isa = PBXFileReference; lastKnownFileType = sourcecode.swift; path = SettingsView.swift; sourceTree = "<group>"; };
		C579FFB225EF430800453A87 /* GoogleService-Info (1).plist */ = {isa = PBXFileReference; fileEncoding = 4; lastKnownFileType = text.plist.xml; path = "GoogleService-Info (1).plist"; sourceTree = "<group>"; };
		C579FFB525EF436300453A87 /* Podfile */ = {isa = PBXFileReference; fileEncoding = 4; lastKnownFileType = text; path = Podfile; sourceTree = "<group>"; xcLanguageSpecificationIdentifier = xcode.lang.ruby; };
		C5C3DAE725E6D3430070BBB5 /* CustomFont.swift */ = {isa = PBXFileReference; lastKnownFileType = sourcecode.swift; path = CustomFont.swift; sourceTree = "<group>"; };
		C5C88D9F25E2C464009BB751 /* FlexComm.app */ = {isa = PBXFileReference; explicitFileType = wrapper.application; includeInIndex = 0; path = FlexComm.app; sourceTree = BUILT_PRODUCTS_DIR; };
		C5C88DA225E2C464009BB751 /* FlexCommApp.swift */ = {isa = PBXFileReference; lastKnownFileType = sourcecode.swift; path = FlexCommApp.swift; sourceTree = "<group>"; };
		C5C88DA425E2C464009BB751 /* ContentView.swift */ = {isa = PBXFileReference; lastKnownFileType = sourcecode.swift; path = ContentView.swift; sourceTree = "<group>"; };
		C5C88DA625E2C466009BB751 /* Assets.xcassets */ = {isa = PBXFileReference; lastKnownFileType = folder.assetcatalog; path = Assets.xcassets; sourceTree = "<group>"; };
		C5C88DA925E2C466009BB751 /* Preview Assets.xcassets */ = {isa = PBXFileReference; lastKnownFileType = folder.assetcatalog; path = "Preview Assets.xcassets"; sourceTree = "<group>"; };
		C5C88DAB25E2C466009BB751 /* Info.plist */ = {isa = PBXFileReference; lastKnownFileType = text.plist.xml; path = Info.plist; sourceTree = "<group>"; };
		C5DAA47825E6135B00178075 /* responseValidate.swift */ = {isa = PBXFileReference; fileEncoding = 4; lastKnownFileType = sourcecode.swift; path = responseValidate.swift; sourceTree = "<group>"; };
		DE6EBBACA78B84B1DE8C9D90 /* Pods-FlexComm.release.xcconfig */ = {isa = PBXFileReference; includeInIndex = 1; lastKnownFileType = text.xcconfig; name = "Pods-FlexComm.release.xcconfig"; path = "Target Support Files/Pods-FlexComm/Pods-FlexComm.release.xcconfig"; sourceTree = "<group>"; };
/* End PBXFileReference section */

/* Begin PBXFrameworksBuildPhase section */
		C5C88D9C25E2C464009BB751 /* Frameworks */ = {
			isa = PBXFrameworksBuildPhase;
			buildActionMask = 2147483647;
			files = (
				7FA6A950EE327270586EE54F /* Pods_FlexComm.framework in Frameworks */,
			);
			runOnlyForDeploymentPostprocessing = 0;
		};
/* End PBXFrameworksBuildPhase section */

/* Begin PBXGroup section */
		4826E8084D0EEA82F68B3808 /* Pods */ = {
			isa = PBXGroup;
			children = (
				95C5F0B565BFB858C58A75A0 /* Pods-FlexComm.debug.xcconfig */,
				DE6EBBACA78B84B1DE8C9D90 /* Pods-FlexComm.release.xcconfig */,
			);
			path = Pods;
			sourceTree = "<group>";
		};
		5E3A57AABA254AED07A1EE99 /* Frameworks */ = {
			isa = PBXGroup;
			children = (
				15EA35F03C67ACBEC57D3BDA /* Pods_FlexComm.framework */,
			);
			name = Frameworks;
			sourceTree = "<group>";
		};
		C52AAD4625E6208F002E90D9 /* Fonts */ = {
			isa = PBXGroup;
			children = (
				C52AAD2325E62080002E90D9 /* SF-Pro-Text-Black.otf */,
				C52AAD2E25E62082002E90D9 /* SF-Pro-Text-BlackItalic.otf */,
				C52AAD2225E62080002E90D9 /* SF-Pro-Text-Bold.otf */,
				C52AAD2525E62081002E90D9 /* SF-Pro-Text-BoldItalic.otf */,
				C52AAD2125E62080002E90D9 /* SF-Pro-Text-Heavy.otf */,
				C52AAD3225E62083002E90D9 /* SF-Pro-Text-HeavyItalic.otf */,
				C52AAD2D25E62082002E90D9 /* SF-Pro-Text-Light.otf */,
				C52AAD2C25E62082002E90D9 /* SF-Pro-Text-LightItalic.otf */,
				C52AAD2925E62081002E90D9 /* SF-Pro-Text-Medium.otf */,
				C52AAD2F25E62082002E90D9 /* SF-Pro-Text-MediumItalic.otf */,
				C52AAD2625E62081002E90D9 /* SF-Pro-Text-Regular.otf */,
				C52AAD2A25E62081002E90D9 /* SF-Pro-Text-RegularItalic.otf */,
				C52AAD2B25E62082002E90D9 /* SF-Pro-Text-Semibold.otf */,
				C52AAD2425E62080002E90D9 /* SF-Pro-Text-SemiboldItalic.otf */,
				C52AAD3025E62082002E90D9 /* SF-Pro-Text-Thin.otf */,
				C52AAD3125E62083002E90D9 /* SF-Pro-Text-ThinItalic.otf */,
				C52AAD2725E62081002E90D9 /* SF-Pro-Text-Ultralight.otf */,
				C52AAD2825E62081002E90D9 /* SF-Pro-Text-UltralightItalic.otf */,
			);
			path = Fonts;
			sourceTree = "<group>";
		};
		C5C88D9625E2C464009BB751 = {
			isa = PBXGroup;
			children = (
				C579FFB525EF436300453A87 /* Podfile */,
				C5C88DA125E2C464009BB751 /* FlexComm */,
				C5C88DA025E2C464009BB751 /* Products */,
				4826E8084D0EEA82F68B3808 /* Pods */,
				5E3A57AABA254AED07A1EE99 /* Frameworks */,
			);
			sourceTree = "<group>";
		};
		C5C88DA025E2C464009BB751 /* Products */ = {
			isa = PBXGroup;
			children = (
				C5C88D9F25E2C464009BB751 /* FlexComm.app */,
			);
			name = Products;
			sourceTree = "<group>";
		};
		C5C88DA125E2C464009BB751 /* FlexComm */ = {
			isa = PBXGroup;
			children = (
				C579FFB225EF430800453A87 /* GoogleService-Info (1).plist */,
				C5DAA47825E6135B00178075 /* responseValidate.swift */,
				C5C88DA225E2C464009BB751 /* FlexCommApp.swift */,
				C5381BD625E60EBA002C09C3 /* SettingsView.swift */,
				C5C3DAE725E6D3430070BBB5 /* CustomFont.swift */,
				6D7CC39125E4514F00348A30 /* yesNoView.swift */,
				C5C88DA425E2C464009BB751 /* ContentView.swift */,
				C52AAD4625E6208F002E90D9 /* Fonts */,
				C5C88DA625E2C466009BB751 /* Assets.xcassets */,
				C5C88DAB25E2C466009BB751 /* Info.plist */,
				C5C88DA825E2C466009BB751 /* Preview Content */,
			);
			path = FlexComm;
			sourceTree = "<group>";
		};
		C5C88DA825E2C466009BB751 /* Preview Content */ = {
			isa = PBXGroup;
			children = (
				C5C88DA925E2C466009BB751 /* Preview Assets.xcassets */,
			);
			path = "Preview Content";
			sourceTree = "<group>";
		};
/* End PBXGroup section */

/* Begin PBXNativeTarget section */
		C5C88D9E25E2C464009BB751 /* FlexComm */ = {
			isa = PBXNativeTarget;
			buildConfigurationList = C5C88DAE25E2C466009BB751 /* Build configuration list for PBXNativeTarget "FlexComm" */;
			buildPhases = (
				643FB99E2497CCCD643F4852 /* [CP] Check Pods Manifest.lock */,
				C5C88D9B25E2C464009BB751 /* Sources */,
				C5C88D9C25E2C464009BB751 /* Frameworks */,
				C5C88D9D25E2C464009BB751 /* Resources */,
				453DA3121EA46C7733C2026A /* [CP] Embed Pods Frameworks */,
			);
			buildRules = (
			);
			dependencies = (
			);
			name = FlexComm;
			productName = FlexComm;
			productReference = C5C88D9F25E2C464009BB751 /* FlexComm.app */;
			productType = "com.apple.product-type.application";
		};
/* End PBXNativeTarget section */

/* Begin PBXProject section */
		C5C88D9725E2C464009BB751 /* Project object */ = {
			isa = PBXProject;
			attributes = {
				LastSwiftUpdateCheck = 1240;
				LastUpgradeCheck = 1240;
				TargetAttributes = {
					C5C88D9E25E2C464009BB751 = {
						CreatedOnToolsVersion = 12.4;
					};
				};
			};
			buildConfigurationList = C5C88D9A25E2C464009BB751 /* Build configuration list for PBXProject "FlexComm" */;
			compatibilityVersion = "Xcode 9.3";
			developmentRegion = en;
			hasScannedForEncodings = 0;
			knownRegions = (
				en,
				Base,
			);
			mainGroup = C5C88D9625E2C464009BB751;
			productRefGroup = C5C88DA025E2C464009BB751 /* Products */;
			projectDirPath = "";
			projectRoot = "";
			targets = (
				C5C88D9E25E2C464009BB751 /* FlexComm */,
			);
		};
/* End PBXProject section */

/* Begin PBXResourcesBuildPhase section */
		C5C88D9D25E2C464009BB751 /* Resources */ = {
			isa = PBXResourcesBuildPhase;
			buildActionMask = 2147483647;
			files = (
				C5C88DAA25E2C466009BB751 /* Preview Assets.xcassets in Resources */,
				C52AAD3725E62083002E90D9 /* SF-Pro-Text-BoldItalic.otf in Resources */,
				C52AAD3E25E62083002E90D9 /* SF-Pro-Text-LightItalic.otf in Resources */,
				C52AAD4425E62083002E90D9 /* SF-Pro-Text-HeavyItalic.otf in Resources */,
				C52AAD3A25E62083002E90D9 /* SF-Pro-Text-UltralightItalic.otf in Resources */,
				C52AAD3325E62083002E90D9 /* SF-Pro-Text-Heavy.otf in Resources */,
				C52AAD3425E62083002E90D9 /* SF-Pro-Text-Bold.otf in Resources */,
				C52AAD3B25E62083002E90D9 /* SF-Pro-Text-Medium.otf in Resources */,
				C52AAD3925E62083002E90D9 /* SF-Pro-Text-Ultralight.otf in Resources */,
				C52AAD4225E62083002E90D9 /* SF-Pro-Text-Thin.otf in Resources */,
				C579FFB625EF436300453A87 /* Podfile in Resources */,
				C5C88DA725E2C466009BB751 /* Assets.xcassets in Resources */,
				C52AAD3625E62083002E90D9 /* SF-Pro-Text-SemiboldItalic.otf in Resources */,
				C52AAD3825E62083002E90D9 /* SF-Pro-Text-Regular.otf in Resources */,
				C579FFB325EF430800453A87 /* GoogleService-Info (1).plist in Resources */,
				C52AAD4025E62083002E90D9 /* SF-Pro-Text-BlackItalic.otf in Resources */,
				C52AAD3D25E62083002E90D9 /* SF-Pro-Text-Semibold.otf in Resources */,
				C52AAD4125E62083002E90D9 /* SF-Pro-Text-MediumItalic.otf in Resources */,
				C52AAD3C25E62083002E90D9 /* SF-Pro-Text-RegularItalic.otf in Resources */,
				C52AAD3525E62083002E90D9 /* SF-Pro-Text-Black.otf in Resources */,
				C52AAD3F25E62083002E90D9 /* SF-Pro-Text-Light.otf in Resources */,
				C52AAD4325E62083002E90D9 /* SF-Pro-Text-ThinItalic.otf in Resources */,
			);
			runOnlyForDeploymentPostprocessing = 0;
		};
/* End PBXResourcesBuildPhase section */

/* Begin PBXShellScriptBuildPhase section */
		453DA3121EA46C7733C2026A /* [CP] Embed Pods Frameworks */ = {
			isa = PBXShellScriptBuildPhase;
			buildActionMask = 2147483647;
			files = (
			);
			inputFileListPaths = (
				"${PODS_ROOT}/Target Support Files/Pods-FlexComm/Pods-FlexComm-frameworks-${CONFIGURATION}-input-files.xcfilelist",
			);
			name = "[CP] Embed Pods Frameworks";
			outputFileListPaths = (
				"${PODS_ROOT}/Target Support Files/Pods-FlexComm/Pods-FlexComm-frameworks-${CONFIGURATION}-output-files.xcfilelist",
			);
			runOnlyForDeploymentPostprocessing = 0;
			shellPath = /bin/sh;
			shellScript = "\"${PODS_ROOT}/Target Support Files/Pods-FlexComm/Pods-FlexComm-frameworks.sh\"\n";
			showEnvVarsInLog = 0;
		};
		643FB99E2497CCCD643F4852 /* [CP] Check Pods Manifest.lock */ = {
			isa = PBXShellScriptBuildPhase;
			buildActionMask = 2147483647;
			files = (
			);
			inputFileListPaths = (
			);
			inputPaths = (
				"${PODS_PODFILE_DIR_PATH}/Podfile.lock",
				"${PODS_ROOT}/Manifest.lock",
			);
			name = "[CP] Check Pods Manifest.lock";
			outputFileListPaths = (
			);
			outputPaths = (
				"$(DERIVED_FILE_DIR)/Pods-FlexComm-checkManifestLockResult.txt",
			);
			runOnlyForDeploymentPostprocessing = 0;
			shellPath = /bin/sh;
			shellScript = "diff \"${PODS_PODFILE_DIR_PATH}/Podfile.lock\" \"${PODS_ROOT}/Manifest.lock\" > /dev/null\nif [ $? != 0 ] ; then\n    # print error to STDERR\n    echo \"error: The sandbox is not in sync with the Podfile.lock. Run 'pod install' or update your CocoaPods installation.\" >&2\n    exit 1\nfi\n# This output is used by Xcode 'outputs' to avoid re-running this script phase.\necho \"SUCCESS\" > \"${SCRIPT_OUTPUT_FILE_0}\"\n";
			showEnvVarsInLog = 0;
		};
/* End PBXShellScriptBuildPhase section */

/* Begin PBXSourcesBuildPhase section */
		C5C88D9B25E2C464009BB751 /* Sources */ = {
			isa = PBXSourcesBuildPhase;
			buildActionMask = 2147483647;
			files = (
				6D7CC39225E4514F00348A30 /* yesNoView.swift in Sources */,
				C5381BD725E60EBA002C09C3 /* SettingsView.swift in Sources */,
				C5DAA47925E6135B00178075 /* responseValidate.swift in Sources */,
				C5C3DAE825E6D3430070BBB5 /* CustomFont.swift in Sources */,
				C5C88DA525E2C464009BB751 /* ContentView.swift in Sources */,
				C5C88DA325E2C464009BB751 /* FlexCommApp.swift in Sources */,
			);
			runOnlyForDeploymentPostprocessing = 0;
		};
/* End PBXSourcesBuildPhase section */

/* Begin XCBuildConfiguration section */
		C5C88DAC25E2C466009BB751 /* Debug */ = {
			isa = XCBuildConfiguration;
			buildSettings = {
				ALWAYS_SEARCH_USER_PATHS = NO;
				CLANG_ANALYZER_NONNULL = YES;
				CLANG_ANALYZER_NUMBER_OBJECT_CONVERSION = YES_AGGRESSIVE;
				CLANG_CXX_LANGUAGE_STANDARD = "gnu++14";
				CLANG_CXX_LIBRARY = "libc++";
				CLANG_ENABLE_MODULES = YES;
				CLANG_ENABLE_OBJC_ARC = YES;
				CLANG_ENABLE_OBJC_WEAK = YES;
				CLANG_WARN_BLOCK_CAPTURE_AUTORELEASING = YES;
				CLANG_WARN_BOOL_CONVERSION = YES;
				CLANG_WARN_COMMA = YES;
				CLANG_WARN_CONSTANT_CONVERSION = YES;
				CLANG_WARN_DEPRECATED_OBJC_IMPLEMENTATIONS = YES;
				CLANG_WARN_DIRECT_OBJC_ISA_USAGE = YES_ERROR;
				CLANG_WARN_DOCUMENTATION_COMMENTS = YES;
				CLANG_WARN_EMPTY_BODY = YES;
				CLANG_WARN_ENUM_CONVERSION = YES;
				CLANG_WARN_INFINITE_RECURSION = YES;
				CLANG_WARN_INT_CONVERSION = YES;
				CLANG_WARN_NON_LITERAL_NULL_CONVERSION = YES;
				CLANG_WARN_OBJC_IMPLICIT_RETAIN_SELF = YES;
				CLANG_WARN_OBJC_LITERAL_CONVERSION = YES;
				CLANG_WARN_OBJC_ROOT_CLASS = YES_ERROR;
				CLANG_WARN_QUOTED_INCLUDE_IN_FRAMEWORK_HEADER = YES;
				CLANG_WARN_RANGE_LOOP_ANALYSIS = YES;
				CLANG_WARN_STRICT_PROTOTYPES = YES;
				CLANG_WARN_SUSPICIOUS_MOVE = YES;
				CLANG_WARN_UNGUARDED_AVAILABILITY = YES_AGGRESSIVE;
				CLANG_WARN_UNREACHABLE_CODE = YES;
				CLANG_WARN__DUPLICATE_METHOD_MATCH = YES;
				COPY_PHASE_STRIP = NO;
				DEBUG_INFORMATION_FORMAT = dwarf;
				ENABLE_STRICT_OBJC_MSGSEND = YES;
				ENABLE_TESTABILITY = YES;
				GCC_C_LANGUAGE_STANDARD = gnu11;
				GCC_DYNAMIC_NO_PIC = NO;
				GCC_NO_COMMON_BLOCKS = YES;
				GCC_OPTIMIZATION_LEVEL = 0;
				GCC_PREPROCESSOR_DEFINITIONS = (
					"DEBUG=1",
					"$(inherited)",
				);
				GCC_WARN_64_TO_32_BIT_CONVERSION = YES;
				GCC_WARN_ABOUT_RETURN_TYPE = YES_ERROR;
				GCC_WARN_UNDECLARED_SELECTOR = YES;
				GCC_WARN_UNINITIALIZED_AUTOS = YES_AGGRESSIVE;
				GCC_WARN_UNUSED_FUNCTION = YES;
				GCC_WARN_UNUSED_VARIABLE = YES;
				IPHONEOS_DEPLOYMENT_TARGET = 14.4;
				MTL_ENABLE_DEBUG_INFO = INCLUDE_SOURCE;
				MTL_FAST_MATH = YES;
				ONLY_ACTIVE_ARCH = YES;
				SDKROOT = iphoneos;
				SWIFT_ACTIVE_COMPILATION_CONDITIONS = DEBUG;
				SWIFT_OPTIMIZATION_LEVEL = "-Onone";
			};
			name = Debug;
		};
		C5C88DAD25E2C466009BB751 /* Release */ = {
			isa = XCBuildConfiguration;
			buildSettings = {
				ALWAYS_SEARCH_USER_PATHS = NO;
				CLANG_ANALYZER_NONNULL = YES;
				CLANG_ANALYZER_NUMBER_OBJECT_CONVERSION = YES_AGGRESSIVE;
				CLANG_CXX_LANGUAGE_STANDARD = "gnu++14";
				CLANG_CXX_LIBRARY = "libc++";
				CLANG_ENABLE_MODULES = YES;
				CLANG_ENABLE_OBJC_ARC = YES;
				CLANG_ENABLE_OBJC_WEAK = YES;
				CLANG_WARN_BLOCK_CAPTURE_AUTORELEASING = YES;
				CLANG_WARN_BOOL_CONVERSION = YES;
				CLANG_WARN_COMMA = YES;
				CLANG_WARN_CONSTANT_CONVERSION = YES;
				CLANG_WARN_DEPRECATED_OBJC_IMPLEMENTATIONS = YES;
				CLANG_WARN_DIRECT_OBJC_ISA_USAGE = YES_ERROR;
				CLANG_WARN_DOCUMENTATION_COMMENTS = YES;
				CLANG_WARN_EMPTY_BODY = YES;
				CLANG_WARN_ENUM_CONVERSION = YES;
				CLANG_WARN_INFINITE_RECURSION = YES;
				CLANG_WARN_INT_CONVERSION = YES;
				CLANG_WARN_NON_LITERAL_NULL_CONVERSION = YES;
				CLANG_WARN_OBJC_IMPLICIT_RETAIN_SELF = YES;
				CLANG_WARN_OBJC_LITERAL_CONVERSION = YES;
				CLANG_WARN_OBJC_ROOT_CLASS = YES_ERROR;
				CLANG_WARN_QUOTED_INCLUDE_IN_FRAMEWORK_HEADER = YES;
				CLANG_WARN_RANGE_LOOP_ANALYSIS = YES;
				CLANG_WARN_STRICT_PROTOTYPES = YES;
				CLANG_WARN_SUSPICIOUS_MOVE = YES;
				CLANG_WARN_UNGUARDED_AVAILABILITY = YES_AGGRESSIVE;
				CLANG_WARN_UNREACHABLE_CODE = YES;
				CLANG_WARN__DUPLICATE_METHOD_MATCH = YES;
				COPY_PHASE_STRIP = NO;
				DEBUG_INFORMATION_FORMAT = "dwarf-with-dsym";
				ENABLE_NS_ASSERTIONS = NO;
				ENABLE_STRICT_OBJC_MSGSEND = YES;
				GCC_C_LANGUAGE_STANDARD = gnu11;
				GCC_NO_COMMON_BLOCKS = YES;
				GCC_WARN_64_TO_32_BIT_CONVERSION = YES;
				GCC_WARN_ABOUT_RETURN_TYPE = YES_ERROR;
				GCC_WARN_UNDECLARED_SELECTOR = YES;
				GCC_WARN_UNINITIALIZED_AUTOS = YES_AGGRESSIVE;
				GCC_WARN_UNUSED_FUNCTION = YES;
				GCC_WARN_UNUSED_VARIABLE = YES;
				IPHONEOS_DEPLOYMENT_TARGET = 14.4;
				MTL_ENABLE_DEBUG_INFO = NO;
				MTL_FAST_MATH = YES;
				SDKROOT = iphoneos;
				SWIFT_COMPILATION_MODE = wholemodule;
				SWIFT_OPTIMIZATION_LEVEL = "-O";
				VALIDATE_PRODUCT = YES;
			};
			name = Release;
		};
		C5C88DAF25E2C466009BB751 /* Debug */ = {
			isa = XCBuildConfiguration;
			baseConfigurationReference = 95C5F0B565BFB858C58A75A0 /* Pods-FlexComm.debug.xcconfig */;
			buildSettings = {
				ASSETCATALOG_COMPILER_APPICON_NAME = AppIcon;
				ASSETCATALOG_COMPILER_GLOBAL_ACCENT_COLOR_NAME = AccentColor;
				CODE_SIGN_STYLE = Automatic;
				DEVELOPMENT_ASSET_PATHS = "\"FlexComm/Preview Content\"";
				DEVELOPMENT_TEAM = DHYJ7DLWBB;
				ENABLE_PREVIEWS = YES;
				INFOPLIST_FILE = FlexComm/Info.plist;
				IPHONEOS_DEPLOYMENT_TARGET = 14.0;
				LD_RUNPATH_SEARCH_PATHS = (
					"$(inherited)",
					"@executable_path/Frameworks",
				);
				PRODUCT_BUNDLE_IDENTIFIER = com.learning.FlexComm;
				PRODUCT_NAME = "$(TARGET_NAME)";
				SWIFT_VERSION = 5.0;
				TARGETED_DEVICE_FAMILY = "1,2";
			};
			name = Debug;
		};
		C5C88DB025E2C466009BB751 /* Release */ = {
			isa = XCBuildConfiguration;
			baseConfigurationReference = DE6EBBACA78B84B1DE8C9D90 /* Pods-FlexComm.release.xcconfig */;
			buildSettings = {
				ASSETCATALOG_COMPILER_APPICON_NAME = AppIcon;
				ASSETCATALOG_COMPILER_GLOBAL_ACCENT_COLOR_NAME = AccentColor;
				CODE_SIGN_STYLE = Automatic;
				DEVELOPMENT_ASSET_PATHS = "\"FlexComm/Preview Content\"";
				DEVELOPMENT_TEAM = DHYJ7DLWBB;
				ENABLE_PREVIEWS = YES;
				INFOPLIST_FILE = FlexComm/Info.plist;
				IPHONEOS_DEPLOYMENT_TARGET = 14.0;
				LD_RUNPATH_SEARCH_PATHS = (
					"$(inherited)",
					"@executable_path/Frameworks",
				);
				PRODUCT_BUNDLE_IDENTIFIER = com.learning.FlexComm;
				PRODUCT_NAME = "$(TARGET_NAME)";
				SWIFT_VERSION = 5.0;
				TARGETED_DEVICE_FAMILY = "1,2";
			};
			name = Release;
		};
/* End XCBuildConfiguration section */

/* Begin XCConfigurationList section */
		C5C88D9A25E2C464009BB751 /* Build configuration list for PBXProject "FlexComm" */ = {
			isa = XCConfigurationList;
			buildConfigurations = (
				C5C88DAC25E2C466009BB751 /* Debug */,
				C5C88DAD25E2C466009BB751 /* Release */,
			);
			defaultConfigurationIsVisible = 0;
			defaultConfigurationName = Release;
		};
		C5C88DAE25E2C466009BB751 /* Build configuration list for PBXNativeTarget "FlexComm" */ = {
			isa = XCConfigurationList;
			buildConfigurations = (
				C5C88DAF25E2C466009BB751 /* Debug */,
				C5C88DB025E2C466009BB751 /* Release */,
			);
			defaultConfigurationIsVisible = 0;
			defaultConfigurationName = Release;
		};
/* End XCConfigurationList section */
	};
	rootObject = C5C88D9725E2C464009BB751 /* Project object */;
}
